
Microsoft Visual Studio Solution File, Format Version 12.00
# Visual Studio Version 17
VisualStudioVersion = 17.0.31903.59
MinimumVisualStudioVersion = 10.0.40219.1
Project("{FAE04EC0-301F-11D3-BF4B-00C04F79EFBC}") = "ApexInsurance.Domain", "src\ApexInsurance.Domain\ApexInsurance.Domain.csproj", "{7C6E9F2A-3B4D-4E5F-8A1B-2C3D4E5F6A7B}"
EndProject
Project("{FAE04EC0-301F-11D3-BF4B-00C04F79EFBC}") = "ApexInsurance.Data", "src\ApexInsurance.Data\ApexInsurance.Data.csproj", "{9D8E7F6A-5B4C-3D2E-1F0A-9B8C7D6E5F4A}"
EndProject
Project("{FAE04EC0-301F-11D3-BF4B-00C04F79EFBC}") = "ApexInsurance.Services", "src\ApexInsurance.Services\ApexInsurance.Services.csproj", "{1A2B3C4D-5E6F-7A8B-9C0D-1E2F3A4B5C6D}"
EndProject
Project("{FAE04EC0-301F-11D3-BF4B-00C04F79EFBC}") = "ApexInsurance.Api", "src\ApexInsurance.Api\ApexInsurance.Api.csproj", "{A2B8C1E4-6F3D-4C9A-9E2B-1D5F7A8C3B10}"
EndProject
Project("{2150E333-8FDC-42A3-9474-1A3956D46DE8}") = "src", "src", "{827E0CD3-B72D-47B6-A68D-7590B98EB39B}"
EndProject
Project("{FAE04EC0-301F-11D3-BF4B-00C04F79EFBC}") = "ApexInsurance.Shared", "src\ApexInsurance.Shared\ApexInsurance.Shared.csproj", "{A83C7C5B-B386-4CBE-B675-31A409C6E0DB}"
EndProject
Project("{FAE04EC0-301F-11D3-BF4B-00C04F79EFBC}") = "ApexInsurance.Security", "src\ApexInsurance.Security\ApexInsurance.Security.csproj", "{6542ED92-10C8-4758-865B-F5838DFAA1F7}"
EndProject
Project("{FAE04EC0-301F-11D3-BF4B-00C04F79EFBC}") = "ApexInsurance.Dto", "src\ApexInsurance.Dto\ApexInsurance.Dto.csproj", "{31C5DCF3-84DF-4A4B-936C-67E10881E99E}"
EndProject
Project("{FAE04EC0-301F-11D3-BF4B-00C04F79EFBC}") = "ApexInsurance.Services.Contracts", "src\ApexInsurance.Services.Contracts\ApexInsurance.Services.Contracts.csproj", "{B4599CB1-3B16-403E-8B13-7CFCB32EA80F}"
EndProject
Project("{FAE04EC0-301F-11D3-BF4B-00C04F79EFBC}") = "ApexInsurance.UI", "src\ApexInsurance.UI\ApexInsurance.UI.csproj", "{477F4651-7FE3-4C0E-8D12-7BEA51227693}"
EndProject
Project("{FAE04EC0-301F-11D3-BF4B-00C04F79EFBC}") = "ApexInsurance.Data.OpenBox", "src\ApexInsurance.Data.OpenBox\ApexInsurance.Data.OpenBox.csproj", "{5347E750-6528-4E28-95FB-E7EB58D8D047}"
EndProject
Project("{2150E333-8FDC-42A3-9474-1A3956D46DE8}") = "tests", "tests", "{0AB3BF05-4346-4AA6-1389-037BE0695223}"
EndProject
Project("{FAE04EC0-301F-11D3-BF4B-00C04F79EFBC}") = "ApexInsurance.Services.Tests", "tests\ApexInsurance.Services.Tests\ApexInsurance.Services.Tests.csproj", "{043F19A8-1B1D-4C6C-BE79-9FE22C07AC9F}"
EndProject
Project("{FAE04EC0-301F-11D3-BF4B-00C04F79EFBC}") = "ApexInsurance.Api.Tests", "tests\ApexInsurance.Api.Tests\ApexInsurance.Api.Tests.csproj", "{63391CDA-A88D-4B45-B258-DE686BC9FF7C}"
EndProject
Global
	GlobalSection(SolutionConfigurationPlatforms) = preSolution
		Debug|Any CPU = Debug|Any CPU
		Debug|x64 = Debug|x64
		Debug|x86 = Debug|x86
		Release|Any CPU = Release|Any CPU
		Release|x64 = Release|x64
		Release|x86 = Release|x86
	EndGlobalSection
	GlobalSection(ProjectConfigurationPlatforms) = postSolution
		{7C6E9F2A-3B4D-4E5F-8A1B-2C3D4E5F6A7B}.Debug|Any CPU.ActiveCfg = Debug|Any CPU
		{7C6E9F2A-3B4D-4E5F-8A1B-2C3D4E5F6A7B}.Debug|Any CPU.Build.0 = Debug|Any CPU
		{7C6E9F2A-3B4D-4E5F-8A1B-2C3D4E5F6A7B}.Debug|x64.ActiveCfg = Debug|Any CPU
		{7C6E9F2A-3B4D-4E5F-8A1B-2C3D4E5F6A7B}.Debug|x64.Build.0 = Debug|Any CPU
		{7C6E9F2A-3B4D-4E5F-8A1B-2C3D4E5F6A7B}.Debug|x86.ActiveCfg = Debug|Any CPU
		{7C6E9F2A-3B4D-4E5F-8A1B-2C3D4E5F6A7B}.Debug|x86.Build.0 = Debug|Any CPU
		{7C6E9F2A-3B4D-4E5F-8A1B-2C3D4E5F6A7B}.Release|Any CPU.ActiveCfg = Release|Any CPU
		{7C6E9F2A-3B4D-4E5F-8A1B-2C3D4E5F6A7B}.Release|Any CPU.Build.0 = Release|Any CPU
		{7C6E9F2A-3B4D-4E5F-8A1B-2C3D4E5F6A7B}.Release|x64.ActiveCfg = Release|Any CPU
		{7C6E9F2A-3B4D-4E5F-8A1B-2C3D4E5F6A7B}.Release|x64.Build.0 = Release|Any CPU
		{7C6E9F2A-3B4D-4E5F-8A1B-2C3D4E5F6A7B}.Release|x86.ActiveCfg = Release|Any CPU
		{7C6E9F2A-3B4D-4E5F-8A1B-2C3D4E5F6A7B}.Release|x86.Build.0 = Release|Any CPU
		{9D8E7F6A-5B4C-3D2E-1F0A-9B8C7D6E5F4A}.Debug|Any CPU.ActiveCfg = Debug|Any CPU
		{9D8E7F6A-5B4C-3D2E-1F0A-9B8C7D6E5F4A}.Debug|Any CPU.Build.0 = Debug|Any CPU
		{9D8E7F6A-5B4C-3D2E-1F0A-9B8C7D6E5F4A}.Debug|x64.ActiveCfg = Debug|Any CPU
		{9D8E7F6A-5B4C-3D2E-1F0A-9B8C7D6E5F4A}.Debug|x64.Build.0 = Debug|Any CPU
		{9D8E7F6A-5B4C-3D2E-1F0A-9B8C7D6E5F4A}.Debug|x86.ActiveCfg = Debug|Any CPU
		{9D8E7F6A-5B4C-3D2E-1F0A-9B8C7D6E5F4A}.Debug|x86.Build.0 = Debug|Any CPU
		{9D8E7F6A-5B4C-3D2E-1F0A-9B8C7D6E5F4A}.Release|Any CPU.ActiveCfg = Release|Any CPU
		{9D8E7F6A-5B4C-3D2E-1F0A-9B8C7D6E5F4A}.Release|Any CPU.Build.0 = Release|Any CPU
		{9D8E7F6A-5B4C-3D2E-1F0A-9B8C7D6E5F4A}.Release|x64.ActiveCfg = Release|Any CPU
		{9D8E7F6A-5B4C-3D2E-1F0A-9B8C7D6E5F4A}.Release|x64.Build.0 = Release|Any CPU
		{9D8E7F6A-5B4C-3D2E-1F0A-9B8C7D6E5F4A}.Release|x86.ActiveCfg = Release|Any CPU
		{9D8E7F6A-5B4C-3D2E-1F0A-9B8C7D6E5F4A}.Release|x86.Build.0 = Release|Any CPU
		{1A2B3C4D-5E6F-7A8B-9C0D-1E2F3A4B5C6D}.Debug|Any CPU.ActiveCfg = Debug|Any CPU
		{1A2B3C4D-5E6F-7A8B-9C0D-1E2F3A4B5C6D}.Debug|Any CPU.Build.0 = Debug|Any CPU
		{1A2B3C4D-5E6F-7A8B-9C0D-1E2F3A4B5C6D}.Debug|x64.ActiveCfg = Debug|Any CPU
		{1A2B3C4D-5E6F-7A8B-9C0D-1E2F3A4B5C6D}.Debug|x64.Build.0 = Debug|Any CPU
		{1A2B3C4D-5E6F-7A8B-9C0D-1E2F3A4B5C6D}.Debug|x86.ActiveCfg = Debug|Any CPU
		{1A2B3C4D-5E6F-7A8B-9C0D-1E2F3A4B5C6D}.Debug|x86.Build.0 = Debug|Any CPU
		{1A2B3C4D-5E6F-7A8B-9C0D-1E2F3A4B5C6D}.Release|Any CPU.ActiveCfg = Release|Any CPU
		{1A2B3C4D-5E6F-7A8B-9C0D-1E2F3A4B5C6D}.Release|Any CPU.Build.0 = Release|Any CPU
		{1A2B3C4D-5E6F-7A8B-9C0D-1E2F3A4B5C6D}.Release|x64.ActiveCfg = Release|Any CPU
		{1A2B3C4D-5E6F-7A8B-9C0D-1E2F3A4B5C6D}.Release|x64.Build.0 = Release|Any CPU
		{1A2B3C4D-5E6F-7A8B-9C0D-1E2F3A4B5C6D}.Release|x86.ActiveCfg = Release|Any CPU
		{1A2B3C4D-5E6F-7A8B-9C0D-1E2F3A4B5C6D}.Release|x86.Build.0 = Release|Any CPU
		{A2B8C1E4-6F3D-4C9A-9E2B-1D5F7A8C3B10}.Debug|Any CPU.ActiveCfg = Debug|Any CPU
		{A2B8C1E4-6F3D-4C9A-9E2B-1D5F7A8C3B10}.Debug|Any CPU.Build.0 = Debug|Any CPU
		{A2B8C1E4-6F3D-4C9A-9E2B-1D5F7A8C3B10}.Debug|x64.ActiveCfg = Debug|Any CPU
		{A2B8C1E4-6F3D-4C9A-9E2B-1D5F7A8C3B10}.Debug|x64.Build.0 = Debug|Any CPU
		{A2B8C1E4-6F3D-4C9A-9E2B-1D5F7A8C3B10}.Debug|x86.ActiveCfg = Debug|Any CPU
		{A2B8C1E4-6F3D-4C9A-9E2B-1D5F7A8C3B10}.Debug|x86.Build.0 = Debug|Any CPU
		{A2B8C1E4-6F3D-4C9A-9E2B-1D5F7A8C3B10}.Release|Any CPU.ActiveCfg = Release|Any CPU
		{A2B8C1E4-6F3D-4C9A-9E2B-1D5F7A8C3B10}.Release|Any CPU.Build.0 = Release|Any CPU
		{A2B8C1E4-6F3D-4C9A-9E2B-1D5F7A8C3B10}.Release|x64.ActiveCfg = Release|Any CPU
		{A2B8C1E4-6F3D-4C9A-9E2B-1D5F7A8C3B10}.Release|x64.Build.0 = Release|Any CPU
		{A2B8C1E4-6F3D-4C9A-9E2B-1D5F7A8C3B10}.Release|x86.ActiveCfg = Release|Any CPU
		{A2B8C1E4-6F3D-4C9A-9E2B-1D5F7A8C3B10}.Release|x86.Build.0 = Release|Any CPU
		{A83C7C5B-B386-4CBE-B675-31A409C6E0DB}.Debug|Any CPU.ActiveCfg = Debug|Any CPU
		{A83C7C5B-B386-4CBE-B675-31A409C6E0DB}.Debug|Any CPU.Build.0 = Debug|Any CPU
		{A83C7C5B-B386-4CBE-B675-31A409C6E0DB}.Debug|x64.ActiveCfg = Debug|Any CPU
		{A83C7C5B-B386-4CBE-B675-31A409C6E0DB}.Debug|x64.Build.0 = Debug|Any CPU
		{A83C7C5B-B386-4CBE-B675-31A409C6E0DB}.Debug|x86.ActiveCfg = Debug|Any CPU
		{A83C7C5B-B386-4CBE-B675-31A409C6E0DB}.Debug|x86.Build.0 = Debug|Any CPU
		{A83C7C5B-B386-4CBE-B675-31A409C6E0DB}.Release|Any CPU.ActiveCfg = Release|Any CPU
		{A83C7C5B-B386-4CBE-B675-31A409C6E0DB}.Release|Any CPU.Build.0 = Release|Any CPU
		{A83C7C5B-B386-4CBE-B675-31A409C6E0DB}.Release|x64.ActiveCfg = Release|Any CPU
		{A83C7C5B-B386-4CBE-B675-31A409C6E0DB}.Release|x64.Build.0 = Release|Any CPU
		{A83C7C5B-B386-4CBE-B675-31A409C6E0DB}.Release|x86.ActiveCfg = Release|Any CPU
		{A83C7C5B-B386-4CBE-B675-31A409C6E0DB}.Release|x86.Build.0 = Release|Any CPU
		{6542ED92-10C8-4758-865B-F5838DFAA1F7}.Debug|Any CPU.ActiveCfg = Debug|Any CPU
		{6542ED92-10C8-4758-865B-F5838DFAA1F7}.Debug|Any CPU.Build.0 = Debug|Any CPU
		{6542ED92-10C8-4758-865B-F5838DFAA1F7}.Debug|x64.ActiveCfg = Debug|Any CPU
		{6542ED92-10C8-4758-865B-F5838DFAA1F7}.Debug|x64.Build.0 = Debug|Any CPU
		{6542ED92-10C8-4758-865B-F5838DFAA1F7}.Debug|x86.ActiveCfg = Debug|Any CPU
		{6542ED92-10C8-4758-865B-F5838DFAA1F7}.Debug|x86.Build.0 = Debug|Any CPU
		{6542ED92-10C8-4758-865B-F5838DFAA1F7}.Release|Any CPU.ActiveCfg = Release|Any CPU
		{6542ED92-10C8-4758-865B-F5838DFAA1F7}.Release|Any CPU.Build.0 = Release|Any CPU
		{6542ED92-10C8-4758-865B-F5838DFAA1F7}.Release|x64.ActiveCfg = Release|Any CPU
		{6542ED92-10C8-4758-865B-F5838DFAA1F7}.Release|x64.Build.0 = Release|Any CPU
		{6542ED92-10C8-4758-865B-F5838DFAA1F7}.Release|x86.ActiveCfg = Release|Any CPU
		{6542ED92-10C8-4758-865B-F5838DFAA1F7}.Release|x86.Build.0 = Release|Any CPU
		{31C5DCF3-84DF-4A4B-936C-67E10881E99E}.Debug|Any CPU.ActiveCfg = Debug|Any CPU
		{31C5DCF3-84DF-4A4B-936C-67E10881E99E}.Debug|Any CPU.Build.0 = Debug|Any CPU
		{31C5DCF3-84DF-4A4B-936C-67E10881E99E}.Debug|x64.ActiveCfg = Debug|Any CPU
		{31C5DCF3-84DF-4A4B-936C-67E10881E99E}.Debug|x64.Build.0 = Debug|Any CPU
		{31C5DCF3-84DF-4A4B-936C-67E10881E99E}.Debug|x86.ActiveCfg = Debug|Any CPU
		{31C5DCF3-84DF-4A4B-936C-67E10881E99E}.Debug|x86.Build.0 = Debug|Any CPU
		{31C5DCF3-84DF-4A4B-936C-67E10881E99E}.Release|Any CPU.ActiveCfg = Release|Any CPU
		{31C5DCF3-84DF-4A4B-936C-67E10881E99E}.Release|Any CPU.Build.0 = Release|Any CPU
		{31C5DCF3-84DF-4A4B-936C-67E10881E99E}.Release|x64.ActiveCfg = Release|Any CPU
		{31C5DCF3-84DF-4A4B-936C-67E10881E99E}.Release|x64.Build.0 = Release|Any CPU
		{31C5DCF3-84DF-4A4B-936C-67E10881E99E}.Release|x86.ActiveCfg = Release|Any CPU
		{31C5DCF3-84DF-4A4B-936C-67E10881E99E}.Release|x86.Build.0 = Release|Any CPU
		{B4599CB1-3B16-403E-8B13-7CFCB32EA80F}.Debug|Any CPU.ActiveCfg = Debug|Any CPU
		{B4599CB1-3B16-403E-8B13-7CFCB32EA80F}.Debug|Any CPU.Build.0 = Debug|Any CPU
		{B4599CB1-3B16-403E-8B13-7CFCB32EA80F}.Debug|x64.ActiveCfg = Debug|Any CPU
		{B4599CB1-3B16-403E-8B13-7CFCB32EA80F}.Debug|x64.Build.0 = Debug|Any CPU
		{B4599CB1-3B16-403E-8B13-7CFCB32EA80F}.Debug|x86.ActiveCfg = Debug|Any CPU
		{B4599CB1-3B16-403E-8B13-7CFCB32EA80F}.Debug|x86.Build.0 = Debug|Any CPU
		{B4599CB1-3B16-403E-8B13-7CFCB32EA80F}.Release|Any CPU.ActiveCfg = Release|Any CPU
		{B4599CB1-3B16-403E-8B13-7CFCB32EA80F}.Release|Any CPU.Build.0 = Release|Any CPU
		{B4599CB1-3B16-403E-8B13-7CFCB32EA80F}.Release|x64.ActiveCfg = Release|Any CPU
		{B4599CB1-3B16-403E-8B13-7CFCB32EA80F}.Release|x64.Build.0 = Release|Any CPU
		{B4599CB1-3B16-403E-8B13-7CFCB32EA80F}.Release|x86.ActiveCfg = Release|Any CPU
		{B4599CB1-3B16-403E-8B13-7CFCB32EA80F}.Release|x86.Build.0 = Release|Any CPU
		{477F4651-7FE3-4C0E-8D12-7BEA51227693}.Debug|Any CPU.ActiveCfg = Debug|Any CPU
		{477F4651-7FE3-4C0E-8D12-7BEA51227693}.Debug|Any CPU.Build.0 = Debug|Any CPU
		{477F4651-7FE3-4C0E-8D12-7BEA51227693}.Debug|x64.ActiveCfg = Debug|Any CPU
		{477F4651-7FE3-4C0E-8D12-7BEA51227693}.Debug|x64.Build.0 = Debug|Any CPU
		{477F4651-7FE3-4C0E-8D12-7BEA51227693}.Debug|x86.ActiveCfg = Debug|Any CPU
		{477F4651-7FE3-4C0E-8D12-7BEA51227693}.Debug|x86.Build.0 = Debug|Any CPU
		{477F4651-7FE3-4C0E-8D12-7BEA51227693}.Release|Any CPU.ActiveCfg = Release|Any CPU
		{477F4651-7FE3-4C0E-8D12-7BEA51227693}.Release|Any CPU.Build.0 = Release|Any CPU
		{477F4651-7FE3-4C0E-8D12-7BEA51227693}.Release|x64.ActiveCfg = Release|Any CPU
		{477F4651-7FE3-4C0E-8D12-7BEA51227693}.Release|x64.Build.0 = Release|Any CPU
		{477F4651-7FE3-4C0E-8D12-7BEA51227693}.Release|x86.ActiveCfg = Release|Any CPU
		{477F4651-7FE3-4C0E-8D12-7BEA51227693}.Release|x86.Build.0 = Release|Any CPU
		{5347E750-6528-4E28-95FB-E7EB58D8D047}.Debug|Any CPU.ActiveCfg = Debug|Any CPU
		{5347E750-6528-4E28-95FB-E7EB58D8D047}.Debug|Any CPU.Build.0 = Debug|Any CPU
		{5347E750-6528-4E28-95FB-E7EB58D8D047}.Debug|x64.ActiveCfg = Debug|Any CPU
		{5347E750-6528-4E28-95FB-E7EB58D8D047}.Debug|x64.Build.0 = Debug|Any CPU
		{5347E750-6528-4E28-95FB-E7EB58D8D047}.Debug|x86.ActiveCfg = Debug|Any CPU
		{5347E750-6528-4E28-95FB-E7EB58D8D047}.Debug|x86.Build.0 = Debug|Any CPU
		{5347E750-6528-4E28-95FB-E7EB58D8D047}.Release|Any CPU.ActiveCfg = Release|Any CPU
		{5347E750-6528-4E28-95FB-E7EB58D8D047}.Release|Any CPU.Build.0 = Release|Any CPU
		{5347E750-6528-4E28-95FB-E7EB58D8D047}.Release|x64.ActiveCfg = Release|Any CPU
		{5347E750-6528-4E28-95FB-E7EB58D8D047}.Release|x64.Build.0 = Release|Any CPU
		{5347E750-6528-4E28-95FB-E7EB58D8D047}.Release|x86.ActiveCfg = Release|Any CPU
		{5347E750-6528-4E28-95FB-E7EB58D8D047}.Release|x86.Build.0 = Release|Any CPU
		{043F19A8-1B1D-4C6C-BE79-9FE22C07AC9F}.Debug|Any CPU.ActiveCfg = Debug|Any CPU
		{043F19A8-1B1D-4C6C-BE79-9FE22C07AC9F}.Debug|Any CPU.Build.0 = Debug|Any CPU
		{043F19A8-1B1D-4C6C-BE79-9FE22C07AC9F}.Debug|x64.ActiveCfg = Debug|Any CPU
		{043F19A8-1B1D-4C6C-BE79-9FE22C07AC9F}.Debug|x64.Build.0 = Debug|Any CPU
		{043F19A8-1B1D-4C6C-BE79-9FE22C07AC9F}.Debug|x86.ActiveCfg = Debug|Any CPU
		{043F19A8-1B1D-4C6C-BE79-9FE22C07AC9F}.Debug|x86.Build.0 = Debug|Any CPU
		{043F19A8-1B1D-4C6C-BE79-9FE22C07AC9F}.Release|Any CPU.ActiveCfg = Release|Any CPU
		{043F19A8-1B1D-4C6C-BE79-9FE22C07AC9F}.Release|Any CPU.Build.0 = Release|Any CPU
		{043F19A8-1B1D-4C6C-BE79-9FE22C07AC9F}.Release|x64.ActiveCfg = Release|Any CPU
		{043F19A8-1B1D-4C6C-BE79-9FE22C07AC9F}.Release|x64.Build.0 = Release|Any CPU
		{043F19A8-1B1D-4C6C-BE79-9FE22C07AC9F}.Release|x86.ActiveCfg = Release|Any CPU
		{043F19A8-1B1D-4C6C-BE79-9FE22C07AC9F}.Release|x86.Build.0 = Release|Any CPU
		{63391CDA-A88D-4B45-B258-DE686BC9FF7C}.Debug|Any CPU.ActiveCfg = Debug|Any CPU
		{63391CDA-A88D-4B45-B258-DE686BC9FF7C}.Debug|Any CPU.Build.0 = Debug|Any CPU
		{63391CDA-A88D-4B45-B258-DE686BC9FF7C}.Debug|x64.ActiveCfg = Debug|Any CPU
		{63391CDA-A88D-4B45-B258-DE686BC9FF7C}.Debug|x64.Build.0 = Debug|Any CPU
		{63391CDA-A88D-4B45-B258-DE686BC9FF7C}.Debug|x86.ActiveCfg = Debug|Any CPU
		{63391CDA-A88D-4B45-B258-DE686BC9FF7C}.Debug|x86.Build.0 = Debug|Any CPU
		{63391CDA-A88D-4B45-B258-DE686BC9FF7C}.Release|Any CPU.ActiveCfg = Release|Any CPU
		{63391CDA-A88D-4B45-B258-DE686BC9FF7C}.Release|Any CPU.Build.0 = Release|Any CPU
		{63391CDA-A88D-4B45-B258-DE686BC9FF7C}.Release|x64.ActiveCfg = Release|Any CPU
		{63391CDA-A88D-4B45-B258-DE686BC9FF7C}.Release|x64.Build.0 = Release|Any CPU
		{63391CDA-A88D-4B45-B258-DE686BC9FF7C}.Release|x86.ActiveCfg = Release|Any CPU
		{63391CDA-A88D-4B45-B258-DE686BC9FF7C}.Release|x86.Build.0 = Release|Any CPU
	EndGlobalSection
	GlobalSection(SolutionProperties) = preSolution
		HideSolutionNode = FALSE
	EndGlobalSection
	GlobalSection(NestedProjects) = preSolution
		{A83C7C5B-B386-4CBE-B675-31A409C6E0DB} = {827E0CD3-B72D-47B6-A68D-7590B98EB39B}
		{6542ED92-10C8-4758-865B-F5838DFAA1F7} = {827E0CD3-B72D-47B6-A68D-7590B98EB39B}
		{31C5DCF3-84DF-4A4B-936C-67E10881E99E} = {827E0CD3-B72D-47B6-A68D-7590B98EB39B}
		{B4599CB1-3B16-403E-8B13-7CFCB32EA80F} = {827E0CD3-B72D-47B6-A68D-7590B98EB39B}
		{477F4651-7FE3-4C0E-8D12-7BEA51227693} = {827E0CD3-B72D-47B6-A68D-7590B98EB39B}
		{5347E750-6528-4E28-95FB-E7EB58D8D047} = {827E0CD3-B72D-47B6-A68D-7590B98EB39B}
		{043F19A8-1B1D-4C6C-BE79-9FE22C07AC9F} = {0AB3BF05-4346-4AA6-1389-037BE0695223}
		{63391CDA-A88D-4B45-B258-DE686BC9FF7C} = {0AB3BF05-4346-4AA6-1389-037BE0695223}
	EndGlobalSection
EndGlobal
